
Microsoft Visual Studio Solution File, Format Version 12.00
# Visual Studio 14
VisualStudioVersion = 14.0.24720.0
MinimumVisualStudioVersion = 10.0.40219.1
Project("{FAE04EC0-301F-11D3-BF4B-00C04F79EFBC}") = "TutorialWebApp", "SQLDWTutorialWebApp\TutorialWebApp.csproj", "{4823EDB4-5CA3-4E91-8212-15EF291FCCC3}"
EndProject
Project("{FAE04EC0-301F-11D3-BF4B-00C04F79EFBC}") = "CreateBlob", "CreateBlob\CreateBlob.csproj", "{5800A4C6-C71F-4348-93DC-330A52FFC751}"
EndProject
Global
	GlobalSection(SolutionConfigurationPlatforms) = preSolution
		Debug|Any CPU = Debug|Any CPU
		Release|Any CPU = Release|Any CPU
	EndGlobalSection
	GlobalSection(ProjectConfigurationPlatforms) = postSolution
		{4823EDB4-5CA3-4E91-8212-15EF291FCCC3}.Debug|Any CPU.ActiveCfg = Debug|Any CPU
		{4823EDB4-5CA3-4E91-8212-15EF291FCCC3}.Debug|Any CPU.Build.0 = Debug|Any CPU
		{4823EDB4-5CA3-4E91-8212-15EF291FCCC3}.Release|Any CPU.ActiveCfg = Release|Any CPU
		{4823EDB4-5CA3-4E91-8212-15EF291FCCC3}.Release|Any CPU.Build.0 = Release|Any CPU
		{5800A4C6-C71F-4348-93DC-330A52FFC751}.Debug|Any CPU.ActiveCfg = Debug|Any CPU
		{5800A4C6-C71F-4348-93DC-330A52FFC751}.Debug|Any CPU.Build.0 = Debug|Any CPU
		{5800A4C6-C71F-4348-93DC-330A52FFC751}.Release|Any CPU.ActiveCfg = Release|Any CPU
		{5800A4C6-C71F-4348-93DC-330A52FFC751}.Release|Any CPU.Build.0 = Release|Any CPU
	EndGlobalSection
	GlobalSection(SolutionProperties) = preSolution
		HideSolutionNode = FALSE
	EndGlobalSection
EndGlobal
